
Microsoft Visual Studio Solution File, Format Version 12.00
# Visual Studio Version 16
VisualStudioVersion = 16.0.29920.165
MinimumVisualStudioVersion = 10.0.40219.1
Project("{FAE04EC0-301F-11D3-BF4B-00C04F79EFBC}") = "MostGamesTask3", "MostGamesTask3\MostGamesTask3.csproj", "{1D0E63FF-E622-47DF-911D-BD718BFA2904}"
EndProject
Global
	GlobalSection(SolutionConfigurationPlatforms) = preSolution
		Debug|Any CPU = Debug|Any CPU
		Release|Any CPU = Release|Any CPU
	EndGlobalSection
	GlobalSection(ProjectConfigurationPlatforms) = postSolution
		{1D0E63FF-E622-47DF-911D-BD718BFA2904}.Debug|Any CPU.ActiveCfg = Debug|Any CPU
		{1D0E63FF-E622-47DF-911D-BD718BFA2904}.Debug|Any CPU.Build.0 = Debug|Any CPU
		{1D0E63FF-E622-47DF-911D-BD718BFA2904}.Release|Any CPU.ActiveCfg = Release|Any CPU
		{1D0E63FF-E622-47DF-911D-BD718BFA2904}.Release|Any CPU.Build.0 = Release|Any CPU
	EndGlobalSection
	GlobalSection(SolutionProperties) = preSolution
		HideSolutionNode = FALSE
	EndGlobalSection
	GlobalSection(ExtensibilityGlobals) = postSolution
		SolutionGuid = {52EE7809-11C4-47A1-A05C-E6ED087FCC85}
	EndGlobalSection
EndGlobal
